
Microsoft Visual Studio Solution File, Format Version 12.00
# Visual Studio 15
VisualStudioVersion = 15.0.27004.2009
MinimumVisualStudioVersion = 10.0.40219.1
Project("{FAE04EC0-301F-11D3-BF4B-00C04F79EFBC}") = "Variables.Program", "Variables.Program\Variables.Program.csproj", "{AB5049DC-56D3-470E-BCC2-BD9258EA93AF}"
EndProject
Global
	GlobalSection(SolutionConfigurationPlatforms) = preSolution
		Debug|Any CPU = Debug|Any CPU
		Release|Any CPU = Release|Any CPU
	EndGlobalSection
	GlobalSection(ProjectConfigurationPlatforms) = postSolution
		{AB5049DC-56D3-470E-BCC2-BD9258EA93AF}.Debug|Any CPU.ActiveCfg = Debug|Any CPU
		{AB5049DC-56D3-470E-BCC2-BD9258EA93AF}.Debug|Any CPU.Build.0 = Debug|Any CPU
		{AB5049DC-56D3-470E-BCC2-BD9258EA93AF}.Release|Any CPU.ActiveCfg = Release|Any CPU
		{AB5049DC-56D3-470E-BCC2-BD9258EA93AF}.Release|Any CPU.Build.0 = Release|Any CPU
	EndGlobalSection
	GlobalSection(SolutionProperties) = preSolution
		HideSolutionNode = FALSE
	EndGlobalSection
	GlobalSection(ExtensibilityGlobals) = postSolution
		SolutionGuid = {248F06C3-EF7D-49A4-9B66-049A92454F7D}
	EndGlobalSection
EndGlobal
