
Microsoft Visual Studio Solution File, Format Version 12.00
# Visual Studio 15
VisualStudioVersion = 15.0.27004.2009
MinimumVisualStudioVersion = 10.0.40219.1
Project("{FAE04EC0-301F-11D3-BF4B-00C04F79EFBC}") = "Exercise-48.3-Loops", "Exercise-48.3-Loops\Exercise-48.3-Loops.csproj", "{20F1BB1C-548F-4F63-832A-101211E9D78B}"
EndProject
Global
	GlobalSection(SolutionConfigurationPlatforms) = preSolution
		Debug|Any CPU = Debug|Any CPU
		Release|Any CPU = Release|Any CPU
	EndGlobalSection
	GlobalSection(ProjectConfigurationPlatforms) = postSolution
		{20F1BB1C-548F-4F63-832A-101211E9D78B}.Debug|Any CPU.ActiveCfg = Debug|Any CPU
		{20F1BB1C-548F-4F63-832A-101211E9D78B}.Debug|Any CPU.Build.0 = Debug|Any CPU
		{20F1BB1C-548F-4F63-832A-101211E9D78B}.Release|Any CPU.ActiveCfg = Release|Any CPU
		{20F1BB1C-548F-4F63-832A-101211E9D78B}.Release|Any CPU.Build.0 = Release|Any CPU
	EndGlobalSection
	GlobalSection(SolutionProperties) = preSolution
		HideSolutionNode = FALSE
	EndGlobalSection
	GlobalSection(ExtensibilityGlobals) = postSolution
		SolutionGuid = {F1A2F5A1-867A-4C94-AECE-1703F3251390}
	EndGlobalSection
EndGlobal
