
Microsoft Visual Studio Solution File, Format Version 12.00
# Visual Studio 15
VisualStudioVersion = 15.0.27004.2009
MinimumVisualStudioVersion = 10.0.40219.1
Project("{FAE04EC0-301F-11D3-BF4B-00C04F79EFBC}") = "Arrays", "Arrays\Arrays.csproj", "{FA88EB6E-6B3B-463E-A6C2-B6FA590AA840}"
EndProject
Global
	GlobalSection(SolutionConfigurationPlatforms) = preSolution
		Debug|Any CPU = Debug|Any CPU
		Release|Any CPU = Release|Any CPU
	EndGlobalSection
	GlobalSection(ProjectConfigurationPlatforms) = postSolution
		{FA88EB6E-6B3B-463E-A6C2-B6FA590AA840}.Debug|Any CPU.ActiveCfg = Debug|Any CPU
		{FA88EB6E-6B3B-463E-A6C2-B6FA590AA840}.Debug|Any CPU.Build.0 = Debug|Any CPU
		{FA88EB6E-6B3B-463E-A6C2-B6FA590AA840}.Release|Any CPU.ActiveCfg = Release|Any CPU
		{FA88EB6E-6B3B-463E-A6C2-B6FA590AA840}.Release|Any CPU.Build.0 = Release|Any CPU
	EndGlobalSection
	GlobalSection(SolutionProperties) = preSolution
		HideSolutionNode = FALSE
	EndGlobalSection
	GlobalSection(ExtensibilityGlobals) = postSolution
		SolutionGuid = {71734D3A-55DB-4F77-83DC-E15C5D89FE43}
	EndGlobalSection
EndGlobal
