
Microsoft Visual Studio Solution File, Format Version 12.00
# Visual Studio 15
VisualStudioVersion = 15.0.27004.2009
MinimumVisualStudioVersion = 10.0.40219.1
Project("{FAE04EC0-301F-11D3-BF4B-00C04F79EFBC}") = "Exercise-67.5-Working-with-Text", "Exercise-67.5-Working-with-Text\Exercise-67.5-Working-with-Text.csproj", "{0BDC159A-D7FD-4C7F-A3AC-C981F8B7B995}"
EndProject
Global
	GlobalSection(SolutionConfigurationPlatforms) = preSolution
		Debug|Any CPU = Debug|Any CPU
		Release|Any CPU = Release|Any CPU
	EndGlobalSection
	GlobalSection(ProjectConfigurationPlatforms) = postSolution
		{0BDC159A-D7FD-4C7F-A3AC-C981F8B7B995}.Debug|Any CPU.ActiveCfg = Debug|Any CPU
		{0BDC159A-D7FD-4C7F-A3AC-C981F8B7B995}.Debug|Any CPU.Build.0 = Debug|Any CPU
		{0BDC159A-D7FD-4C7F-A3AC-C981F8B7B995}.Release|Any CPU.ActiveCfg = Release|Any CPU
		{0BDC159A-D7FD-4C7F-A3AC-C981F8B7B995}.Release|Any CPU.Build.0 = Release|Any CPU
	EndGlobalSection
	GlobalSection(SolutionProperties) = preSolution
		HideSolutionNode = FALSE
	EndGlobalSection
	GlobalSection(ExtensibilityGlobals) = postSolution
		SolutionGuid = {9650D017-DBE9-4C01-8F7B-A7EA5F4BE308}
	EndGlobalSection
EndGlobal
