
Microsoft Visual Studio Solution File, Format Version 12.00
# Visual Studio 15
VisualStudioVersion = 15.0.27004.2009
MinimumVisualStudioVersion = 10.0.40219.1
Project("{FAE04EC0-301F-11D3-BF4B-00C04F79EFBC}") = "Exercise-67.2-Working-with-Text", "Exercise-67.2-Working-with-Text\Exercise-67.2-Working-with-Text.csproj", "{A5E27CB5-DC22-4BD4-AAA3-5AB6809D49FE}"
EndProject
Global
	GlobalSection(SolutionConfigurationPlatforms) = preSolution
		Debug|Any CPU = Debug|Any CPU
		Release|Any CPU = Release|Any CPU
	EndGlobalSection
	GlobalSection(ProjectConfigurationPlatforms) = postSolution
		{A5E27CB5-DC22-4BD4-AAA3-5AB6809D49FE}.Debug|Any CPU.ActiveCfg = Debug|Any CPU
		{A5E27CB5-DC22-4BD4-AAA3-5AB6809D49FE}.Debug|Any CPU.Build.0 = Debug|Any CPU
		{A5E27CB5-DC22-4BD4-AAA3-5AB6809D49FE}.Release|Any CPU.ActiveCfg = Release|Any CPU
		{A5E27CB5-DC22-4BD4-AAA3-5AB6809D49FE}.Release|Any CPU.Build.0 = Release|Any CPU
	EndGlobalSection
	GlobalSection(SolutionProperties) = preSolution
		HideSolutionNode = FALSE
	EndGlobalSection
	GlobalSection(ExtensibilityGlobals) = postSolution
		SolutionGuid = {EA5BEE85-287F-47A9-90B3-D504BF0CBECE}
	EndGlobalSection
EndGlobal
