
Microsoft Visual Studio Solution File, Format Version 12.00
# Visual Studio 15
VisualStudioVersion = 15.0.27004.2009
MinimumVisualStudioVersion = 10.0.40219.1
Project("{FAE04EC0-301F-11D3-BF4B-00C04F79EFBC}") = "Directory-and-DirectoryInfo", "Directory-and-DirectoryInfo\Directory-and-DirectoryInfo.csproj", "{EBCE3F6C-D925-4355-90B7-DEC4121DB537}"
EndProject
Global
	GlobalSection(SolutionConfigurationPlatforms) = preSolution
		Debug|Any CPU = Debug|Any CPU
		Release|Any CPU = Release|Any CPU
	EndGlobalSection
	GlobalSection(ProjectConfigurationPlatforms) = postSolution
		{EBCE3F6C-D925-4355-90B7-DEC4121DB537}.Debug|Any CPU.ActiveCfg = Debug|Any CPU
		{EBCE3F6C-D925-4355-90B7-DEC4121DB537}.Debug|Any CPU.Build.0 = Debug|Any CPU
		{EBCE3F6C-D925-4355-90B7-DEC4121DB537}.Release|Any CPU.ActiveCfg = Release|Any CPU
		{EBCE3F6C-D925-4355-90B7-DEC4121DB537}.Release|Any CPU.Build.0 = Release|Any CPU
	EndGlobalSection
	GlobalSection(SolutionProperties) = preSolution
		HideSolutionNode = FALSE
	EndGlobalSection
	GlobalSection(ExtensibilityGlobals) = postSolution
		SolutionGuid = {CF2AB68B-6517-4AC6-B2AC-10AC94BBEF01}
	EndGlobalSection
EndGlobal
