
Microsoft Visual Studio Solution File, Format Version 12.00
# Visual Studio 15
VisualStudioVersion = 15.0.27004.2009
MinimumVisualStudioVersion = 10.0.40219.1
Project("{FAE04EC0-301F-11D3-BF4B-00C04F79EFBC}") = "Enums.Program", "Enums.Program\Enums.Program.csproj", "{B96FECDE-E936-49BD-8D3C-18567576F181}"
EndProject
Global
	GlobalSection(SolutionConfigurationPlatforms) = preSolution
		Debug|Any CPU = Debug|Any CPU
		Release|Any CPU = Release|Any CPU
	EndGlobalSection
	GlobalSection(ProjectConfigurationPlatforms) = postSolution
		{B96FECDE-E936-49BD-8D3C-18567576F181}.Debug|Any CPU.ActiveCfg = Debug|Any CPU
		{B96FECDE-E936-49BD-8D3C-18567576F181}.Debug|Any CPU.Build.0 = Debug|Any CPU
		{B96FECDE-E936-49BD-8D3C-18567576F181}.Release|Any CPU.ActiveCfg = Release|Any CPU
		{B96FECDE-E936-49BD-8D3C-18567576F181}.Release|Any CPU.Build.0 = Release|Any CPU
	EndGlobalSection
	GlobalSection(SolutionProperties) = preSolution
		HideSolutionNode = FALSE
	EndGlobalSection
	GlobalSection(ExtensibilityGlobals) = postSolution
		SolutionGuid = {37B1EA95-E119-42F6-A513-EB3165B6F5BC}
	EndGlobalSection
EndGlobal
