
Microsoft Visual Studio Solution File, Format Version 12.00
# Visual Studio 15
VisualStudioVersion = 15.0.27004.2009
MinimumVisualStudioVersion = 10.0.40219.1
Project("{FAE04EC0-301F-11D3-BF4B-00C04F79EFBC}") = "TypeConversion.Program", "TypeConversion.Program\TypeConversion.Program.csproj", "{FD15FA98-8F9D-4F38-AD54-0357C27544FD}"
EndProject
Global
	GlobalSection(SolutionConfigurationPlatforms) = preSolution
		Debug|Any CPU = Debug|Any CPU
		Release|Any CPU = Release|Any CPU
	EndGlobalSection
	GlobalSection(ProjectConfigurationPlatforms) = postSolution
		{FD15FA98-8F9D-4F38-AD54-0357C27544FD}.Debug|Any CPU.ActiveCfg = Debug|Any CPU
		{FD15FA98-8F9D-4F38-AD54-0357C27544FD}.Debug|Any CPU.Build.0 = Debug|Any CPU
		{FD15FA98-8F9D-4F38-AD54-0357C27544FD}.Release|Any CPU.ActiveCfg = Release|Any CPU
		{FD15FA98-8F9D-4F38-AD54-0357C27544FD}.Release|Any CPU.Build.0 = Release|Any CPU
	EndGlobalSection
	GlobalSection(SolutionProperties) = preSolution
		HideSolutionNode = FALSE
	EndGlobalSection
	GlobalSection(ExtensibilityGlobals) = postSolution
		SolutionGuid = {33DDB0EC-51EE-4D8E-A22A-8797C1B889C4}
	EndGlobalSection
EndGlobal
