
Microsoft Visual Studio Solution File, Format Version 12.00
# Visual Studio 15
VisualStudioVersion = 15.0.27004.2009
MinimumVisualStudioVersion = 10.0.40219.1
Project("{FAE04EC0-301F-11D3-BF4B-00C04F79EFBC}") = "Exercise-67.4-Working-with-Text", "Exercise-67.4-Working-with-Text\Exercise-67.4-Working-with-Text.csproj", "{79BB4038-C814-4D65-9594-6B77DE2A3F02}"
EndProject
Global
	GlobalSection(SolutionConfigurationPlatforms) = preSolution
		Debug|Any CPU = Debug|Any CPU
		Release|Any CPU = Release|Any CPU
	EndGlobalSection
	GlobalSection(ProjectConfigurationPlatforms) = postSolution
		{79BB4038-C814-4D65-9594-6B77DE2A3F02}.Debug|Any CPU.ActiveCfg = Debug|Any CPU
		{79BB4038-C814-4D65-9594-6B77DE2A3F02}.Debug|Any CPU.Build.0 = Debug|Any CPU
		{79BB4038-C814-4D65-9594-6B77DE2A3F02}.Release|Any CPU.ActiveCfg = Release|Any CPU
		{79BB4038-C814-4D65-9594-6B77DE2A3F02}.Release|Any CPU.Build.0 = Release|Any CPU
	EndGlobalSection
	GlobalSection(SolutionProperties) = preSolution
		HideSolutionNode = FALSE
	EndGlobalSection
	GlobalSection(ExtensibilityGlobals) = postSolution
		SolutionGuid = {0F8DDA5D-836D-445E-AACE-651C17DEC3DD}
	EndGlobalSection
EndGlobal
