
Microsoft Visual Studio Solution File, Format Version 12.00
# Visual Studio 15
VisualStudioVersion = 15.0.27004.2009
MinimumVisualStudioVersion = 10.0.40219.1
Project("{FAE04EC0-301F-11D3-BF4B-00C04F79EFBC}") = "Exercise-55.5-Arrays-and-Lists", "Exercise-55.5-Arrays-and-Lists\Exercise-55.5-Arrays-and-Lists.csproj", "{B7751F0C-7847-478B-8D05-75D919EE8BF0}"
EndProject
Global
	GlobalSection(SolutionConfigurationPlatforms) = preSolution
		Debug|Any CPU = Debug|Any CPU
		Release|Any CPU = Release|Any CPU
	EndGlobalSection
	GlobalSection(ProjectConfigurationPlatforms) = postSolution
		{B7751F0C-7847-478B-8D05-75D919EE8BF0}.Debug|Any CPU.ActiveCfg = Debug|Any CPU
		{B7751F0C-7847-478B-8D05-75D919EE8BF0}.Debug|Any CPU.Build.0 = Debug|Any CPU
		{B7751F0C-7847-478B-8D05-75D919EE8BF0}.Release|Any CPU.ActiveCfg = Release|Any CPU
		{B7751F0C-7847-478B-8D05-75D919EE8BF0}.Release|Any CPU.Build.0 = Release|Any CPU
	EndGlobalSection
	GlobalSection(SolutionProperties) = preSolution
		HideSolutionNode = FALSE
	EndGlobalSection
	GlobalSection(ExtensibilityGlobals) = postSolution
		SolutionGuid = {B951B7DC-03EE-4606-9EF9-94B70338C47D}
	EndGlobalSection
EndGlobal
